
Microsoft Visual Studio Solution File, Format Version 12.00
# Visual Studio Version 17
VisualStudioVersion = 17.7.34202.233
MinimumVisualStudioVersion = 10.0.40219.1
Project("{FAE04EC0-301F-11D3-BF4B-00C04F79EFBC}") = "EchoLang", "EchoLang.csproj", "{EB2087B1-9FF3-41AE-9004-91791CBBE876}"
EndProject
Global
	GlobalSection(SolutionConfigurationPlatforms) = preSolution
		Debug|Any CPU = Debug|Any CPU
		Release|Any CPU = Release|Any CPU
	EndGlobalSection
	GlobalSection(ProjectConfigurationPlatforms) = postSolution
		{EB2087B1-9FF3-41AE-9004-91791CBBE876}.Debug|Any CPU.ActiveCfg = Debug|Any CPU
		{EB2087B1-9FF3-41AE-9004-91791CBBE876}.Debug|Any CPU.Build.0 = Debug|Any CPU
		{EB2087B1-9FF3-41AE-9004-91791CBBE876}.Release|Any CPU.ActiveCfg = Release|Any CPU
		{EB2087B1-9FF3-41AE-9004-91791CBBE876}.Release|Any CPU.Build.0 = Release|Any CPU
	EndGlobalSection
	GlobalSection(SolutionProperties) = preSolution
		HideSolutionNode = FALSE
	EndGlobalSection
	GlobalSection(ExtensibilityGlobals) = postSolution
		SolutionGuid = {156F91B5-0BE1-4813-92D1-A5AC4189125F}
	EndGlobalSection
EndGlobal
